
Microsoft Visual Studio Solution File, Format Version 12.00
# Visual Studio 15
VisualStudioVersion = 15.0.28010.2036
MinimumVisualStudioVersion = 10.0.40219.1
Project("{FAE04EC0-301F-11D3-BF4B-00C04F79EFBC}") = "PurchaseSchedule", "PurchaseSchedule\PurchaseSchedule.csproj", "{1AD4F5EE-BC26-4F38-8355-7791F8FC5AB9}"
EndProject
Global
	GlobalSection(SolutionConfigurationPlatforms) = preSolution
		Debug|Any CPU = Debug|Any CPU
		Release|Any CPU = Release|Any CPU
	EndGlobalSection
	GlobalSection(ProjectConfigurationPlatforms) = postSolution
		{1AD4F5EE-BC26-4F38-8355-7791F8FC5AB9}.Debug|Any CPU.ActiveCfg = Debug|Any CPU
		{1AD4F5EE-BC26-4F38-8355-7791F8FC5AB9}.Debug|Any CPU.Build.0 = Debug|Any CPU
		{1AD4F5EE-BC26-4F38-8355-7791F8FC5AB9}.Release|Any CPU.ActiveCfg = Release|Any CPU
		{1AD4F5EE-BC26-4F38-8355-7791F8FC5AB9}.Release|Any CPU.Build.0 = Release|Any CPU
	EndGlobalSection
	GlobalSection(SolutionProperties) = preSolution
		HideSolutionNode = FALSE
	EndGlobalSection
	GlobalSection(ExtensibilityGlobals) = postSolution
		SolutionGuid = {2C61A604-80E2-47A5-86DA-717BA7EBF315}
	EndGlobalSection
EndGlobal
